
Microsoft Visual Studio Solution File, Format Version 12.00
# Visual Studio Version 17
VisualStudioVersion = 17.10.35013.160
MinimumVisualStudioVersion = 10.0.40219.1
Project("{FAE04EC0-301F-11D3-BF4B-00C04F79EFBC}") = "MVCTask1", "MVCTask1\MVCTask1.csproj", "{133D1F40-19CD-4EA2-9615-9AAD60CFD7FC}"
EndProject
Global
	GlobalSection(SolutionConfigurationPlatforms) = preSolution
		Debug|Any CPU = Debug|Any CPU
		Release|Any CPU = Release|Any CPU
	EndGlobalSection
	GlobalSection(ProjectConfigurationPlatforms) = postSolution
		{133D1F40-19CD-4EA2-9615-9AAD60CFD7FC}.Debug|Any CPU.ActiveCfg = Debug|Any CPU
		{133D1F40-19CD-4EA2-9615-9AAD60CFD7FC}.Debug|Any CPU.Build.0 = Debug|Any CPU
		{133D1F40-19CD-4EA2-9615-9AAD60CFD7FC}.Release|Any CPU.ActiveCfg = Release|Any CPU
		{133D1F40-19CD-4EA2-9615-9AAD60CFD7FC}.Release|Any CPU.Build.0 = Release|Any CPU
	EndGlobalSection
	GlobalSection(SolutionProperties) = preSolution
		HideSolutionNode = FALSE
	EndGlobalSection
	GlobalSection(ExtensibilityGlobals) = postSolution
		SolutionGuid = {A0268DB3-3D4A-4774-9D74-BE5C6EBE70C3}
	EndGlobalSection
EndGlobal
